
Microsoft Visual Studio Solution File, Format Version 12.00
# Visual Studio 15
VisualStudioVersion = 15.0.26020.0
MinimumVisualStudioVersion = 10.0.40219.1
Project("{FAE04EC0-301F-11D3-BF4B-00C04F79EFBC}") = "HelloValidation", "HelloValidation\HelloValidation.csproj", "{38B6A443-5A62-40B4-A36A-0E30182A52E6}"
EndProject
Project("{FAE04EC0-301F-11D3-BF4B-00C04F79EFBC}") = "Core", "Core\Core.csproj", "{1D730CBE-C8E3-4CA6-B32D-192A8DB95277}"
EndProject
Global
	GlobalSection(SolutionConfigurationPlatforms) = preSolution
		Debug|Any CPU = Debug|Any CPU
		Release|Any CPU = Release|Any CPU
	EndGlobalSection
	GlobalSection(ProjectConfigurationPlatforms) = postSolution
		{38B6A443-5A62-40B4-A36A-0E30182A52E6}.Debug|Any CPU.ActiveCfg = Debug|Any CPU
		{38B6A443-5A62-40B4-A36A-0E30182A52E6}.Debug|Any CPU.Build.0 = Debug|Any CPU
		{38B6A443-5A62-40B4-A36A-0E30182A52E6}.Debug|Any CPU.Deploy.0 = Debug|Any CPU
		{38B6A443-5A62-40B4-A36A-0E30182A52E6}.Release|Any CPU.ActiveCfg = Release|Any CPU
		{38B6A443-5A62-40B4-A36A-0E30182A52E6}.Release|Any CPU.Build.0 = Release|Any CPU
		{38B6A443-5A62-40B4-A36A-0E30182A52E6}.Release|Any CPU.Deploy.0 = Release|Any CPU
		{1D730CBE-C8E3-4CA6-B32D-192A8DB95277}.Debug|Any CPU.ActiveCfg = Debug|Any CPU
		{1D730CBE-C8E3-4CA6-B32D-192A8DB95277}.Debug|Any CPU.Build.0 = Debug|Any CPU
		{1D730CBE-C8E3-4CA6-B32D-192A8DB95277}.Release|Any CPU.ActiveCfg = Release|Any CPU
		{1D730CBE-C8E3-4CA6-B32D-192A8DB95277}.Release|Any CPU.Build.0 = Release|Any CPU
	EndGlobalSection
	GlobalSection(SolutionProperties) = preSolution
		HideSolutionNode = FALSE
	EndGlobalSection
EndGlobal
